
Microsoft Visual Studio Solution File, Format Version 12.00
# Visual Studio Version 17
VisualStudioVersion = 17.5.33530.505
MinimumVisualStudioVersion = 10.0.40219.1
Project("{9A19103F-16F7-4668-BE54-9A1E7A4F7556}") = "DateAccess", "DateAccess\DateAccess.csproj", "{2C56882B-B494-425B-8CAA-3F59FF85C0A9}"
EndProject
Project("{9A19103F-16F7-4668-BE54-9A1E7A4F7556}") = "Business", "Businies\Business.csproj", "{F8D22173-DA67-4BF0-AE9A-D68616114EF8}"
EndProject
Project("{9A19103F-16F7-4668-BE54-9A1E7A4F7556}") = "Entities", "Entities\Entities.csproj", "{5D86DA71-D3FD-49A1-84C9-F3E0249C4A05}"
EndProject
Project("{9A19103F-16F7-4668-BE54-9A1E7A4F7556}") = "ConsoleUI", "ConsoleApp1\ConsoleUI.csproj", "{96F8EE33-2A7B-49EC-85F2-D9D83B4D5482}"
EndProject
Project("{9A19103F-16F7-4668-BE54-9A1E7A4F7556}") = "Core", "Core\Core.csproj", "{8D7EA097-5387-4B29-B5FA-6B447AE79E14}"
EndProject
Project("{FAE04EC0-301F-11D3-BF4B-00C04F79EFBC}") = "WebAPI", "WebAPI\WebAPI.csproj", "{879FBA70-0288-43F2-8931-81C11899735B}"
EndProject
Global
	GlobalSection(SolutionConfigurationPlatforms) = preSolution
		Debug|Any CPU = Debug|Any CPU
		Release|Any CPU = Release|Any CPU
	EndGlobalSection
	GlobalSection(ProjectConfigurationPlatforms) = postSolution
		{2C56882B-B494-425B-8CAA-3F59FF85C0A9}.Debug|Any CPU.ActiveCfg = Debug|Any CPU
		{2C56882B-B494-425B-8CAA-3F59FF85C0A9}.Debug|Any CPU.Build.0 = Debug|Any CPU
		{2C56882B-B494-425B-8CAA-3F59FF85C0A9}.Release|Any CPU.ActiveCfg = Release|Any CPU
		{2C56882B-B494-425B-8CAA-3F59FF85C0A9}.Release|Any CPU.Build.0 = Release|Any CPU
		{F8D22173-DA67-4BF0-AE9A-D68616114EF8}.Debug|Any CPU.ActiveCfg = Debug|Any CPU
		{F8D22173-DA67-4BF0-AE9A-D68616114EF8}.Debug|Any CPU.Build.0 = Debug|Any CPU
		{F8D22173-DA67-4BF0-AE9A-D68616114EF8}.Release|Any CPU.ActiveCfg = Release|Any CPU
		{F8D22173-DA67-4BF0-AE9A-D68616114EF8}.Release|Any CPU.Build.0 = Release|Any CPU
		{5D86DA71-D3FD-49A1-84C9-F3E0249C4A05}.Debug|Any CPU.ActiveCfg = Debug|Any CPU
		{5D86DA71-D3FD-49A1-84C9-F3E0249C4A05}.Debug|Any CPU.Build.0 = Debug|Any CPU
		{5D86DA71-D3FD-49A1-84C9-F3E0249C4A05}.Release|Any CPU.ActiveCfg = Release|Any CPU
		{5D86DA71-D3FD-49A1-84C9-F3E0249C4A05}.Release|Any CPU.Build.0 = Release|Any CPU
		{96F8EE33-2A7B-49EC-85F2-D9D83B4D5482}.Debug|Any CPU.ActiveCfg = Debug|Any CPU
		{96F8EE33-2A7B-49EC-85F2-D9D83B4D5482}.Debug|Any CPU.Build.0 = Debug|Any CPU
		{96F8EE33-2A7B-49EC-85F2-D9D83B4D5482}.Release|Any CPU.ActiveCfg = Release|Any CPU
		{96F8EE33-2A7B-49EC-85F2-D9D83B4D5482}.Release|Any CPU.Build.0 = Release|Any CPU
		{8D7EA097-5387-4B29-B5FA-6B447AE79E14}.Debug|Any CPU.ActiveCfg = Debug|Any CPU
		{8D7EA097-5387-4B29-B5FA-6B447AE79E14}.Debug|Any CPU.Build.0 = Debug|Any CPU
		{8D7EA097-5387-4B29-B5FA-6B447AE79E14}.Release|Any CPU.ActiveCfg = Release|Any CPU
		{8D7EA097-5387-4B29-B5FA-6B447AE79E14}.Release|Any CPU.Build.0 = Release|Any CPU
		{879FBA70-0288-43F2-8931-81C11899735B}.Debug|Any CPU.ActiveCfg = Debug|Any CPU
		{879FBA70-0288-43F2-8931-81C11899735B}.Debug|Any CPU.Build.0 = Debug|Any CPU
		{879FBA70-0288-43F2-8931-81C11899735B}.Release|Any CPU.ActiveCfg = Release|Any CPU
		{879FBA70-0288-43F2-8931-81C11899735B}.Release|Any CPU.Build.0 = Release|Any CPU
	EndGlobalSection
	GlobalSection(SolutionProperties) = preSolution
		HideSolutionNode = FALSE
	EndGlobalSection
	GlobalSection(ExtensibilityGlobals) = postSolution
		SolutionGuid = {189BFDFB-5E0B-419A-B55B-84BB4B5636C4}
	EndGlobalSection
EndGlobal
